
Microsoft Visual Studio Solution File, Format Version 12.00
# Visual Studio Version 16
VisualStudioVersion = 16.0.29613.14
MinimumVisualStudioVersion = 10.0.40219.1
Project("{9A19103F-16F7-4668-BE54-9A1E7A4F7556}") = "BookStore.Domain", "BookStore.Domain\BookStore.Domain.csproj", "{74D26E27-55B1-454E-975D-231577693700}"
EndProject
Project("{9A19103F-16F7-4668-BE54-9A1E7A4F7556}") = "BookStore.CrossCutting", "BookStore.CrossCutting\BookStore.CrossCutting.csproj", "{65CE94E3-95E6-4327-AEAC-B6E69C3EFE6E}"
EndProject
Project("{9A19103F-16F7-4668-BE54-9A1E7A4F7556}") = "BookStore.Service", "BookStore.Service\BookStore.Service.csproj", "{377019C8-0DC9-405E-B99A-6E30704B8E76}"
EndProject
Project("{2150E333-8FDC-42A3-9474-1A3956D46DE8}") = "Application", "Application", "{844AB33B-1FE1-4E79-B5B8-93AEF6450F42}"
EndProject
Project("{2150E333-8FDC-42A3-9474-1A3956D46DE8}") = "CrossCutting", "CrossCutting", "{C6CEDA02-F060-4671-B477-23A7A89DCEBD}"
EndProject
Project("{2150E333-8FDC-42A3-9474-1A3956D46DE8}") = "Domain", "Domain", "{0A4AB084-90CD-48EA-969E-EE1FCDF51AF9}"
EndProject
Project("{2150E333-8FDC-42A3-9474-1A3956D46DE8}") = "Infrastructure", "Infrastructure", "{F68A780C-8E49-45CF-829E-04C8416AA2BE}"
EndProject
Project("{2150E333-8FDC-42A3-9474-1A3956D46DE8}") = "Service", "Service", "{056D239C-CFA3-47D9-8723-3E8809333CE5}"
EndProject
Project("{9A19103F-16F7-4668-BE54-9A1E7A4F7556}") = "BookStore.Data", "BookStore.Data\BookStore.Data.csproj", "{D02FBB90-223F-47B6-9569-9C552FE1390A}"
EndProject
Project("{9A19103F-16F7-4668-BE54-9A1E7A4F7556}") = "BookStore.Application", "BookStore.Api\BookStore.Application.csproj", "{2CFED830-4851-4DA2-8FA4-B595EBC09450}"
EndProject
Project("{2150E333-8FDC-42A3-9474-1A3956D46DE8}") = "Test", "Test", "{F4466375-2BA0-4204-8C75-47C644745773}"
EndProject
Project("{FAE04EC0-301F-11D3-BF4B-00C04F79EFBC}") = "BookStore.Integrated.Test", "BookStore.Domain.Test\BookStore.Integrated.Test.csproj", "{EAB7EF09-0665-4318-A634-EF14ACD3099D}"
EndProject
Project("{FAE04EC0-301F-11D3-BF4B-00C04F79EFBC}") = "UnitTestProject1", "UnitTestProject1\UnitTestProject1.csproj", "{A92F8416-86B6-4C65-B6DA-AB3C118BC141}"
EndProject
Global
	GlobalSection(SolutionConfigurationPlatforms) = preSolution
		Debug|Any CPU = Debug|Any CPU
		Release|Any CPU = Release|Any CPU
	EndGlobalSection
	GlobalSection(ProjectConfigurationPlatforms) = postSolution
		{74D26E27-55B1-454E-975D-231577693700}.Debug|Any CPU.ActiveCfg = Debug|Any CPU
		{74D26E27-55B1-454E-975D-231577693700}.Debug|Any CPU.Build.0 = Debug|Any CPU
		{74D26E27-55B1-454E-975D-231577693700}.Release|Any CPU.ActiveCfg = Release|Any CPU
		{74D26E27-55B1-454E-975D-231577693700}.Release|Any CPU.Build.0 = Release|Any CPU
		{65CE94E3-95E6-4327-AEAC-B6E69C3EFE6E}.Debug|Any CPU.ActiveCfg = Debug|Any CPU
		{65CE94E3-95E6-4327-AEAC-B6E69C3EFE6E}.Debug|Any CPU.Build.0 = Debug|Any CPU
		{65CE94E3-95E6-4327-AEAC-B6E69C3EFE6E}.Release|Any CPU.ActiveCfg = Release|Any CPU
		{65CE94E3-95E6-4327-AEAC-B6E69C3EFE6E}.Release|Any CPU.Build.0 = Release|Any CPU
		{377019C8-0DC9-405E-B99A-6E30704B8E76}.Debug|Any CPU.ActiveCfg = Debug|Any CPU
		{377019C8-0DC9-405E-B99A-6E30704B8E76}.Debug|Any CPU.Build.0 = Debug|Any CPU
		{377019C8-0DC9-405E-B99A-6E30704B8E76}.Release|Any CPU.ActiveCfg = Release|Any CPU
		{377019C8-0DC9-405E-B99A-6E30704B8E76}.Release|Any CPU.Build.0 = Release|Any CPU
		{D02FBB90-223F-47B6-9569-9C552FE1390A}.Debug|Any CPU.ActiveCfg = Debug|Any CPU
		{D02FBB90-223F-47B6-9569-9C552FE1390A}.Debug|Any CPU.Build.0 = Debug|Any CPU
		{D02FBB90-223F-47B6-9569-9C552FE1390A}.Release|Any CPU.ActiveCfg = Release|Any CPU
		{D02FBB90-223F-47B6-9569-9C552FE1390A}.Release|Any CPU.Build.0 = Release|Any CPU
		{2CFED830-4851-4DA2-8FA4-B595EBC09450}.Debug|Any CPU.ActiveCfg = Debug|Any CPU
		{2CFED830-4851-4DA2-8FA4-B595EBC09450}.Debug|Any CPU.Build.0 = Debug|Any CPU
		{2CFED830-4851-4DA2-8FA4-B595EBC09450}.Release|Any CPU.ActiveCfg = Release|Any CPU
		{2CFED830-4851-4DA2-8FA4-B595EBC09450}.Release|Any CPU.Build.0 = Release|Any CPU
		{EAB7EF09-0665-4318-A634-EF14ACD3099D}.Debug|Any CPU.ActiveCfg = Debug|Any CPU
		{EAB7EF09-0665-4318-A634-EF14ACD3099D}.Debug|Any CPU.Build.0 = Debug|Any CPU
		{EAB7EF09-0665-4318-A634-EF14ACD3099D}.Release|Any CPU.ActiveCfg = Release|Any CPU
		{EAB7EF09-0665-4318-A634-EF14ACD3099D}.Release|Any CPU.Build.0 = Release|Any CPU
<<<<<<< HEAD
=======
=======
		{088E2184-4729-4234-928E-0AAA508C8EAF}.Debug|Any CPU.ActiveCfg = Debug|Any CPU
		{088E2184-4729-4234-928E-0AAA508C8EAF}.Debug|Any CPU.Build.0 = Debug|Any CPU
		{088E2184-4729-4234-928E-0AAA508C8EAF}.Release|Any CPU.ActiveCfg = Release|Any CPU
		{088E2184-4729-4234-928E-0AAA508C8EAF}.Release|Any CPU.Build.0 = Release|Any CPU
		{6650E07C-09E4-4AB4-8B62-4115666327FF}.Debug|Any CPU.ActiveCfg = Debug|Any CPU
		{6650E07C-09E4-4AB4-8B62-4115666327FF}.Debug|Any CPU.Build.0 = Debug|Any CPU
		{6650E07C-09E4-4AB4-8B62-4115666327FF}.Release|Any CPU.ActiveCfg = Release|Any CPU
		{6650E07C-09E4-4AB4-8B62-4115666327FF}.Release|Any CPU.Build.0 = Release|Any CPU
<<<<<<< HEAD
		{A92F8416-86B6-4C65-B6DA-AB3C118BC141}.Debug|Any CPU.ActiveCfg = Debug|Any CPU
		{A92F8416-86B6-4C65-B6DA-AB3C118BC141}.Debug|Any CPU.Build.0 = Debug|Any CPU
		{A92F8416-86B6-4C65-B6DA-AB3C118BC141}.Release|Any CPU.ActiveCfg = Release|Any CPU
		{A92F8416-86B6-4C65-B6DA-AB3C118BC141}.Release|Any CPU.Build.0 = Release|Any CPU
=======
>>>>>>> 68c65c2374731c4c1ec2fb14d4c6cc2928ba07c1
>>>>>>> 0ce76018f0b2a8d549906ad6da606fa178494646
>>>>>>> 746fb8488405d1f03b52a004097292c36fb81d45
	EndGlobalSection
	GlobalSection(SolutionProperties) = preSolution
		HideSolutionNode = FALSE
	EndGlobalSection
	GlobalSection(NestedProjects) = preSolution
		{74D26E27-55B1-454E-975D-231577693700} = {0A4AB084-90CD-48EA-969E-EE1FCDF51AF9}
		{65CE94E3-95E6-4327-AEAC-B6E69C3EFE6E} = {C6CEDA02-F060-4671-B477-23A7A89DCEBD}
		{377019C8-0DC9-405E-B99A-6E30704B8E76} = {056D239C-CFA3-47D9-8723-3E8809333CE5}
		{D02FBB90-223F-47B6-9569-9C552FE1390A} = {F68A780C-8E49-45CF-829E-04C8416AA2BE}
		{2CFED830-4851-4DA2-8FA4-B595EBC09450} = {844AB33B-1FE1-4E79-B5B8-93AEF6450F42}
		{EAB7EF09-0665-4318-A634-EF14ACD3099D} = {F4466375-2BA0-4204-8C75-47C644745773}
<<<<<<< HEAD
=======
=======
		{088E2184-4729-4234-928E-0AAA508C8EAF} = {F4466375-2BA0-4204-8C75-47C644745773}
		{6650E07C-09E4-4AB4-8B62-4115666327FF} = {F4466375-2BA0-4204-8C75-47C644745773}
<<<<<<< HEAD
		{A92F8416-86B6-4C65-B6DA-AB3C118BC141} = {F4466375-2BA0-4204-8C75-47C644745773}
=======
>>>>>>> 68c65c2374731c4c1ec2fb14d4c6cc2928ba07c1
>>>>>>> 0ce76018f0b2a8d549906ad6da606fa178494646
>>>>>>> 746fb8488405d1f03b52a004097292c36fb81d45
	EndGlobalSection
	GlobalSection(ExtensibilityGlobals) = postSolution
		SolutionGuid = {EED9F0DF-609E-443A-A1BD-B923A977855E}
	EndGlobalSection
EndGlobal
